
Microsoft Visual Studio Solution File, Format Version 11.00
# Visual Studio 2010
Project("{CC5FD16D-436D-48AD-A40C-5A424C6E3E79}") = "QuantoEh", "QuantoEh\QuantoEh.ccproj", "{B441C124-6D70-4B3C-AC13-65A2A9CDDE61}"
EndProject
Project("{FAE04EC0-301F-11D3-BF4B-00C04F79EFBC}") = "QuantoEh.WebApp", "QuantoEh.WebApp\QuantoEh.WebApp.csproj", "{1EE22CB9-CF70-4994-B7EA-663F4E933FA8}"
EndProject
Project("{FAE04EC0-301F-11D3-BF4B-00C04F79EFBC}") = "QuantoEh.Tests", "QuantoEh.Tests\QuantoEh.Tests.csproj", "{73C8B183-2129-46CF-AC0C-EA0653591C27}"
EndProject
Project("{FAE04EC0-301F-11D3-BF4B-00C04F79EFBC}") = "QuantoEh.Worker", "QuantoEh.Worker\QuantoEh.Worker.csproj", "{348F6451-6844-4ACC-876F-34159EB3E3CF}"
EndProject
Global
	GlobalSection(SolutionConfigurationPlatforms) = preSolution
		Debug|Any CPU = Debug|Any CPU
		Release|Any CPU = Release|Any CPU
	EndGlobalSection
	GlobalSection(ProjectConfigurationPlatforms) = postSolution
		{B441C124-6D70-4B3C-AC13-65A2A9CDDE61}.Debug|Any CPU.ActiveCfg = Debug|Any CPU
		{B441C124-6D70-4B3C-AC13-65A2A9CDDE61}.Debug|Any CPU.Build.0 = Debug|Any CPU
		{B441C124-6D70-4B3C-AC13-65A2A9CDDE61}.Release|Any CPU.ActiveCfg = Release|Any CPU
		{B441C124-6D70-4B3C-AC13-65A2A9CDDE61}.Release|Any CPU.Build.0 = Release|Any CPU
		{1EE22CB9-CF70-4994-B7EA-663F4E933FA8}.Debug|Any CPU.ActiveCfg = Debug|Any CPU
		{1EE22CB9-CF70-4994-B7EA-663F4E933FA8}.Debug|Any CPU.Build.0 = Debug|Any CPU
		{1EE22CB9-CF70-4994-B7EA-663F4E933FA8}.Release|Any CPU.ActiveCfg = Release|Any CPU
		{1EE22CB9-CF70-4994-B7EA-663F4E933FA8}.Release|Any CPU.Build.0 = Release|Any CPU
		{73C8B183-2129-46CF-AC0C-EA0653591C27}.Debug|Any CPU.ActiveCfg = Debug|Any CPU
		{73C8B183-2129-46CF-AC0C-EA0653591C27}.Debug|Any CPU.Build.0 = Debug|Any CPU
		{73C8B183-2129-46CF-AC0C-EA0653591C27}.Release|Any CPU.ActiveCfg = Release|Any CPU
		{73C8B183-2129-46CF-AC0C-EA0653591C27}.Release|Any CPU.Build.0 = Release|Any CPU
		{348F6451-6844-4ACC-876F-34159EB3E3CF}.Debug|Any CPU.ActiveCfg = Debug|Any CPU
		{348F6451-6844-4ACC-876F-34159EB3E3CF}.Debug|Any CPU.Build.0 = Debug|Any CPU
		{348F6451-6844-4ACC-876F-34159EB3E3CF}.Release|Any CPU.ActiveCfg = Release|Any CPU
		{348F6451-6844-4ACC-876F-34159EB3E3CF}.Release|Any CPU.Build.0 = Release|Any CPU
	EndGlobalSection
	GlobalSection(SolutionProperties) = preSolution
		HideSolutionNode = FALSE
	EndGlobalSection
EndGlobal
