
Microsoft Visual Studio Solution File, Format Version 11.00
# Visual Studio 2010
Project("{CC5FD16D-436D-48AD-A40C-5A424C6E3E79}") = "QuantoEh", "QuantoEh\QuantoEh.ccproj", "{B441C124-6D70-4B3C-AC13-65A2A9CDDE61}"
EndProject
Project("{FAE04EC0-301F-11D3-BF4B-00C04F79EFBC}") = "QuantoEh.WebApp", "QuantoEh.WebApp\QuantoEh.WebApp.csproj", "{1EE22CB9-CF70-4994-B7EA-663F4E933FA8}"
EndProject
Project("{FAE04EC0-301F-11D3-BF4B-00C04F79EFBC}") = "QuantoEh.Tests", "QuantoEh.Tests\QuantoEh.Tests.csproj", "{73C8B183-2129-46CF-AC0C-EA0653591C27}"
EndProject
Project("{FAE04EC0-301F-11D3-BF4B-00C04F79EFBC}") = "QuantoEh.Worker", "QuantoEh.Worker\QuantoEh.Worker.csproj", "{348F6451-6844-4ACC-876F-34159EB3E3CF}"
EndProject
Project("{FAE04EC0-301F-11D3-BF4B-00C04F79EFBC}") = "QuantoEh.Dominio", "QuantoEh.Dominio\QuantoEh.Dominio.csproj", "{D419D7E7-09F4-4F58-A428-75EA922E5AE8}"
EndProject
Project("{FAE04EC0-301F-11D3-BF4B-00C04F79EFBC}") = "QuantoEh.Infra", "QuantoEh.Infra\QuantoEh.Infra.csproj", "{E7DE145F-4AC7-4757-A7CA-582FB718F71F}"
EndProject
Project("{FAE04EC0-301F-11D3-BF4B-00C04F79EFBC}") = "QuantoEh.Utils.CommandLine", "QuantoEh.Utils.CommandLine\QuantoEh.Utils.CommandLine.csproj", "{E94AB8E0-95AF-44CD-BA0B-8EAA5A6C65A4}"
EndProject
Global
	GlobalSection(SolutionConfigurationPlatforms) = preSolution
		Debug|Any CPU = Debug|Any CPU
		Debug|Mixed Platforms = Debug|Mixed Platforms
		Debug|x86 = Debug|x86
		Release|Any CPU = Release|Any CPU
		Release|Mixed Platforms = Release|Mixed Platforms
		Release|x86 = Release|x86
	EndGlobalSection
	GlobalSection(ProjectConfigurationPlatforms) = postSolution
		{B441C124-6D70-4B3C-AC13-65A2A9CDDE61}.Debug|Any CPU.ActiveCfg = Debug|Any CPU
		{B441C124-6D70-4B3C-AC13-65A2A9CDDE61}.Debug|Any CPU.Build.0 = Debug|Any CPU
		{B441C124-6D70-4B3C-AC13-65A2A9CDDE61}.Debug|Mixed Platforms.ActiveCfg = Debug|Any CPU
		{B441C124-6D70-4B3C-AC13-65A2A9CDDE61}.Debug|Mixed Platforms.Build.0 = Debug|Any CPU
		{B441C124-6D70-4B3C-AC13-65A2A9CDDE61}.Debug|x86.ActiveCfg = Debug|Any CPU
		{B441C124-6D70-4B3C-AC13-65A2A9CDDE61}.Release|Any CPU.ActiveCfg = Release|Any CPU
		{B441C124-6D70-4B3C-AC13-65A2A9CDDE61}.Release|Any CPU.Build.0 = Release|Any CPU
		{B441C124-6D70-4B3C-AC13-65A2A9CDDE61}.Release|Mixed Platforms.ActiveCfg = Release|Any CPU
		{B441C124-6D70-4B3C-AC13-65A2A9CDDE61}.Release|Mixed Platforms.Build.0 = Release|Any CPU
		{B441C124-6D70-4B3C-AC13-65A2A9CDDE61}.Release|x86.ActiveCfg = Release|Any CPU
		{1EE22CB9-CF70-4994-B7EA-663F4E933FA8}.Debug|Any CPU.ActiveCfg = Debug|Any CPU
		{1EE22CB9-CF70-4994-B7EA-663F4E933FA8}.Debug|Any CPU.Build.0 = Debug|Any CPU
		{1EE22CB9-CF70-4994-B7EA-663F4E933FA8}.Debug|Mixed Platforms.ActiveCfg = Debug|Any CPU
		{1EE22CB9-CF70-4994-B7EA-663F4E933FA8}.Debug|Mixed Platforms.Build.0 = Debug|Any CPU
		{1EE22CB9-CF70-4994-B7EA-663F4E933FA8}.Debug|x86.ActiveCfg = Debug|Any CPU
		{1EE22CB9-CF70-4994-B7EA-663F4E933FA8}.Release|Any CPU.ActiveCfg = Release|Any CPU
		{1EE22CB9-CF70-4994-B7EA-663F4E933FA8}.Release|Any CPU.Build.0 = Release|Any CPU
		{1EE22CB9-CF70-4994-B7EA-663F4E933FA8}.Release|Mixed Platforms.ActiveCfg = Release|Any CPU
		{1EE22CB9-CF70-4994-B7EA-663F4E933FA8}.Release|Mixed Platforms.Build.0 = Release|Any CPU
		{1EE22CB9-CF70-4994-B7EA-663F4E933FA8}.Release|x86.ActiveCfg = Release|Any CPU
		{73C8B183-2129-46CF-AC0C-EA0653591C27}.Debug|Any CPU.ActiveCfg = Debug|Any CPU
		{73C8B183-2129-46CF-AC0C-EA0653591C27}.Debug|Any CPU.Build.0 = Debug|Any CPU
		{73C8B183-2129-46CF-AC0C-EA0653591C27}.Debug|Mixed Platforms.ActiveCfg = Debug|Any CPU
		{73C8B183-2129-46CF-AC0C-EA0653591C27}.Debug|Mixed Platforms.Build.0 = Debug|Any CPU
		{73C8B183-2129-46CF-AC0C-EA0653591C27}.Debug|x86.ActiveCfg = Debug|Any CPU
		{73C8B183-2129-46CF-AC0C-EA0653591C27}.Release|Any CPU.ActiveCfg = Release|Any CPU
		{73C8B183-2129-46CF-AC0C-EA0653591C27}.Release|Any CPU.Build.0 = Release|Any CPU
		{73C8B183-2129-46CF-AC0C-EA0653591C27}.Release|Mixed Platforms.ActiveCfg = Release|Any CPU
		{73C8B183-2129-46CF-AC0C-EA0653591C27}.Release|Mixed Platforms.Build.0 = Release|Any CPU
		{73C8B183-2129-46CF-AC0C-EA0653591C27}.Release|x86.ActiveCfg = Release|Any CPU
		{348F6451-6844-4ACC-876F-34159EB3E3CF}.Debug|Any CPU.ActiveCfg = Debug|Any CPU
		{348F6451-6844-4ACC-876F-34159EB3E3CF}.Debug|Any CPU.Build.0 = Debug|Any CPU
		{348F6451-6844-4ACC-876F-34159EB3E3CF}.Debug|Mixed Platforms.ActiveCfg = Debug|Any CPU
		{348F6451-6844-4ACC-876F-34159EB3E3CF}.Debug|Mixed Platforms.Build.0 = Debug|Any CPU
		{348F6451-6844-4ACC-876F-34159EB3E3CF}.Debug|x86.ActiveCfg = Debug|Any CPU
		{348F6451-6844-4ACC-876F-34159EB3E3CF}.Release|Any CPU.ActiveCfg = Release|Any CPU
		{348F6451-6844-4ACC-876F-34159EB3E3CF}.Release|Any CPU.Build.0 = Release|Any CPU
		{348F6451-6844-4ACC-876F-34159EB3E3CF}.Release|Mixed Platforms.ActiveCfg = Release|Any CPU
		{348F6451-6844-4ACC-876F-34159EB3E3CF}.Release|Mixed Platforms.Build.0 = Release|Any CPU
		{348F6451-6844-4ACC-876F-34159EB3E3CF}.Release|x86.ActiveCfg = Release|Any CPU
		{D419D7E7-09F4-4F58-A428-75EA922E5AE8}.Debug|Any CPU.ActiveCfg = Debug|Any CPU
		{D419D7E7-09F4-4F58-A428-75EA922E5AE8}.Debug|Any CPU.Build.0 = Debug|Any CPU
		{D419D7E7-09F4-4F58-A428-75EA922E5AE8}.Debug|Mixed Platforms.ActiveCfg = Debug|Any CPU
		{D419D7E7-09F4-4F58-A428-75EA922E5AE8}.Debug|Mixed Platforms.Build.0 = Debug|Any CPU
		{D419D7E7-09F4-4F58-A428-75EA922E5AE8}.Debug|x86.ActiveCfg = Debug|Any CPU
		{D419D7E7-09F4-4F58-A428-75EA922E5AE8}.Release|Any CPU.ActiveCfg = Release|Any CPU
		{D419D7E7-09F4-4F58-A428-75EA922E5AE8}.Release|Any CPU.Build.0 = Release|Any CPU
		{D419D7E7-09F4-4F58-A428-75EA922E5AE8}.Release|Mixed Platforms.ActiveCfg = Release|Any CPU
		{D419D7E7-09F4-4F58-A428-75EA922E5AE8}.Release|Mixed Platforms.Build.0 = Release|Any CPU
		{D419D7E7-09F4-4F58-A428-75EA922E5AE8}.Release|x86.ActiveCfg = Release|Any CPU
		{E7DE145F-4AC7-4757-A7CA-582FB718F71F}.Debug|Any CPU.ActiveCfg = Debug|Any CPU
		{E7DE145F-4AC7-4757-A7CA-582FB718F71F}.Debug|Any CPU.Build.0 = Debug|Any CPU
		{E7DE145F-4AC7-4757-A7CA-582FB718F71F}.Debug|Mixed Platforms.ActiveCfg = Debug|Any CPU
		{E7DE145F-4AC7-4757-A7CA-582FB718F71F}.Debug|Mixed Platforms.Build.0 = Debug|Any CPU
		{E7DE145F-4AC7-4757-A7CA-582FB718F71F}.Debug|x86.ActiveCfg = Debug|Any CPU
		{E7DE145F-4AC7-4757-A7CA-582FB718F71F}.Release|Any CPU.ActiveCfg = Release|Any CPU
		{E7DE145F-4AC7-4757-A7CA-582FB718F71F}.Release|Any CPU.Build.0 = Release|Any CPU
		{E7DE145F-4AC7-4757-A7CA-582FB718F71F}.Release|Mixed Platforms.ActiveCfg = Release|Any CPU
		{E7DE145F-4AC7-4757-A7CA-582FB718F71F}.Release|Mixed Platforms.Build.0 = Release|Any CPU
		{E7DE145F-4AC7-4757-A7CA-582FB718F71F}.Release|x86.ActiveCfg = Release|Any CPU
		{E94AB8E0-95AF-44CD-BA0B-8EAA5A6C65A4}.Debug|Any CPU.ActiveCfg = Debug|Any CPU
		{E94AB8E0-95AF-44CD-BA0B-8EAA5A6C65A4}.Debug|Any CPU.Build.0 = Debug|Any CPU
		{E94AB8E0-95AF-44CD-BA0B-8EAA5A6C65A4}.Debug|Mixed Platforms.ActiveCfg = Debug|Any CPU
		{E94AB8E0-95AF-44CD-BA0B-8EAA5A6C65A4}.Debug|Mixed Platforms.Build.0 = Debug|Any CPU
		{E94AB8E0-95AF-44CD-BA0B-8EAA5A6C65A4}.Debug|x86.ActiveCfg = Debug|x86
		{E94AB8E0-95AF-44CD-BA0B-8EAA5A6C65A4}.Debug|x86.Build.0 = Debug|x86
		{E94AB8E0-95AF-44CD-BA0B-8EAA5A6C65A4}.Release|Any CPU.ActiveCfg = Release|x86
		{E94AB8E0-95AF-44CD-BA0B-8EAA5A6C65A4}.Release|Mixed Platforms.ActiveCfg = Release|x86
		{E94AB8E0-95AF-44CD-BA0B-8EAA5A6C65A4}.Release|Mixed Platforms.Build.0 = Release|x86
		{E94AB8E0-95AF-44CD-BA0B-8EAA5A6C65A4}.Release|x86.ActiveCfg = Release|x86
		{E94AB8E0-95AF-44CD-BA0B-8EAA5A6C65A4}.Release|x86.Build.0 = Release|x86
	EndGlobalSection
	GlobalSection(SolutionProperties) = preSolution
		HideSolutionNode = FALSE
	EndGlobalSection
EndGlobal
